
Microsoft Visual Studio Solution File, Format Version 12.00
# Visual Studio Version 16
VisualStudioVersion = 16.0.30517.126
MinimumVisualStudioVersion = 10.0.40219.1
Project("{FAE04EC0-301F-11D3-BF4B-00C04F79EFBC}") = "AppQL", "AppQL.csproj", "{C4173693-0784-4C9B-B69C-85F725698843}"
EndProject
Global
	GlobalSection(SolutionConfigurationPlatforms) = preSolution
		Debug|Any CPU = Debug|Any CPU
		Release|Any CPU = Release|Any CPU
	EndGlobalSection
	GlobalSection(ProjectConfigurationPlatforms) = postSolution
		{C4173693-0784-4C9B-B69C-85F725698843}.Debug|Any CPU.ActiveCfg = Debug|Any CPU
		{C4173693-0784-4C9B-B69C-85F725698843}.Debug|Any CPU.Build.0 = Debug|Any CPU
		{C4173693-0784-4C9B-B69C-85F725698843}.Release|Any CPU.ActiveCfg = Release|Any CPU
		{C4173693-0784-4C9B-B69C-85F725698843}.Release|Any CPU.Build.0 = Release|Any CPU
	EndGlobalSection
	GlobalSection(SolutionProperties) = preSolution
		HideSolutionNode = FALSE
	EndGlobalSection
	GlobalSection(ExtensibilityGlobals) = postSolution
		SolutionGuid = {F43F79B2-0863-4385-9FED-756B70E8BBA2}
	EndGlobalSection
EndGlobal
